PODS:
  - affise_attribution_lib (1.0.0):
    - AffiseAttributionLib (~> 1.1.5)
    - AffiseSKAdNetwork (~> 1.1.5)
    - Flutter
  - AffiseAttributionLib (1.1.5)
  - AffiseSKAdNetwork (1.1.5)
  - Flutter (1.0.0)

DEPENDENCIES:
  - affise_attribution_lib (from `.symlinks/plugins/affise_attribution_lib/ios`)
  - Flutter (from `Flutter`)

SPEC REPOS:
  trunk:
    - AffiseAttributionLib
    - AffiseSKAdNetwork

EXTERNAL SOURCES:
  affise_attribution_lib:
    :path: ".symlinks/plugins/affise_attribution_lib/ios"
  Flutter:
    :path: Flutter

SPEC CHECKSUMS:
  affise_attribution_lib: 0fa6dbbc9edd5add9fdd7b0ec28c1f121ad297d2
  AffiseAttributionLib: 2d94bdf1ec8e9bfce7a488a8ecb1cd98637f47fd
  AffiseSKAdNetwork: 70941aa7090f8488da9f344c74af73e32ffccf1c
  Flutter: f04841e97a9d0b0a8025694d0796dd46242b2854

PODFILE CHECKSUM: 8895f32d79adc233810cd0f2d603b842b041368e

COCOAPODS: 1.12.1
